
Microsoft Visual Studio Solution File, Format Version 12.00
# Visual Studio 15
VisualStudioVersion = 15.0.28307.1022
MinimumVisualStudioVersion = 10.0.40219.1
Project("{8BC9CEB8-8B4A-11D0-8D11-00A0C91BC942}") = "homework_318", "homework_318\homework_318.vcxproj", "{A63C668B-B36E-4E8D-A797-E3203B4A9506}"
EndProject
Global
	GlobalSection(SolutionConfigurationPlatforms) = preSolution
		Debug|x64 = Debug|x64
		Debug|x86 = Debug|x86
		Release|x64 = Release|x64
		Release|x86 = Release|x86
	EndGlobalSection
	GlobalSection(ProjectConfigurationPlatforms) = postSolution
		{A63C668B-B36E-4E8D-A797-E3203B4A9506}.Debug|x64.ActiveCfg = Debug|x64
		{A63C668B-B36E-4E8D-A797-E3203B4A9506}.Debug|x64.Build.0 = Debug|x64
		{A63C668B-B36E-4E8D-A797-E3203B4A9506}.Debug|x86.ActiveCfg = Debug|Win32
		{A63C668B-B36E-4E8D-A797-E3203B4A9506}.Debug|x86.Build.0 = Debug|Win32
		{A63C668B-B36E-4E8D-A797-E3203B4A9506}.Release|x64.ActiveCfg = Release|x64
		{A63C668B-B36E-4E8D-A797-E3203B4A9506}.Release|x64.Build.0 = Release|x64
		{A63C668B-B36E-4E8D-A797-E3203B4A9506}.Release|x86.ActiveCfg = Release|Win32
		{A63C668B-B36E-4E8D-A797-E3203B4A9506}.Release|x86.Build.0 = Release|Win32
	EndGlobalSection
	GlobalSection(SolutionProperties) = preSolution
		HideSolutionNode = FALSE
	EndGlobalSection
	GlobalSection(ExtensibilityGlobals) = postSolution
		SolutionGuid = {FD54E793-E060-482A-8AEA-C4C293882542}
	EndGlobalSection
EndGlobal
